# This file is automatically @generated by Cargo.
# It is not intended for manual editing.
version = 4

[[package]]
name = "rust-poc"
version = "0.1.0"
dependencies = [
 "rust-poc-contracts",
 "rust-poc-greeter",
]

[[package]]
name = "rust-poc-contracts"
version = "0.1.0"

[[package]]
name = "rust-poc-greeter"
version = "0.1.0"
dependencies = [
 "rust-poc-contracts",
]
